
Microsoft Visual Studio Solution File, Format Version 12.00
# Visual Studio Version 16
VisualStudioVersion = 16.0.30804.86
MinimumVisualStudioVersion = 10.0.40219.1
Project("{FAE04EC0-301F-11D3-BF4B-00C04F79EFBC}") = "AuthenticationProj", "AuthenticationProj\AuthenticationProj.csproj", "{829A91CB-A6BB-49CA-AC53-8A89B9873CB5}"
EndProject
Global
	GlobalSection(SolutionConfigurationPlatforms) = preSolution
		Debug|Any CPU = Debug|Any CPU
		Release|Any CPU = Release|Any CPU
	EndGlobalSection
	GlobalSection(ProjectConfigurationPlatforms) = postSolution
		{829A91CB-A6BB-49CA-AC53-8A89B9873CB5}.Debug|Any CPU.ActiveCfg = Debug|Any CPU
		{829A91CB-A6BB-49CA-AC53-8A89B9873CB5}.Debug|Any CPU.Build.0 = Debug|Any CPU
		{829A91CB-A6BB-49CA-AC53-8A89B9873CB5}.Release|Any CPU.ActiveCfg = Release|Any CPU
		{829A91CB-A6BB-49CA-AC53-8A89B9873CB5}.Release|Any CPU.Build.0 = Release|Any CPU
	EndGlobalSection
	GlobalSection(SolutionProperties) = preSolution
		HideSolutionNode = FALSE
	EndGlobalSection
	GlobalSection(ExtensibilityGlobals) = postSolution
		SolutionGuid = {204FA307-F470-49C7-A1D1-C87D1967EE5D}
	EndGlobalSection
EndGlobal
